{
  "version": 4,
  "terraform_version": "1.5.2",
  "serial": 68,
  "lineage": "a024dd27-d872-19bf-ac07-484d92ca3e56",
  "outputs": {},
  "resources": [
    {
      "mode": "managed",
      "type": "juju_application",
      "name": "mysql_innodb_cluster",
      "provider": "provider[\"registry.terraform.io/juju/juju\"]",
      "instances": [
        {
          "schema_version": 0,
          "attributes": {
            "charm": [
              {
                "channel": "8.0/stable",
                "name": "mysql-innodb-cluster",
                "revision": 56,
                "series": "focal"
              }
            ],
            "config": null,
            "constraints": "arch=amd64",
            "expose": [],
            "id": "ovb:mysql-innodb-cluster",
            "model": "ovb",
            "name": "mysql-innodb-cluster",
            "placement": "4,5,6",
            "principal": true,
            "trust": false,
            "units": 3
          },
          "sensitive_attributes": [],
          "private": "bnVsbA==",
          "dependencies": [
            "juju_machine.machines",
            "juju_model.ovb"
          ]
        }
      ]
    },
    {
      "mode": "managed",
      "type": "juju_application",
      "name": "rabbitmq",
      "provider": "provider[\"registry.terraform.io/juju/juju\"]",
      "instances": [
        {
          "schema_version": 0,
          "attributes": {
            "charm": [
              {
                "channel": "3.9/stable",
                "name": "rabbitmq-server",
                "revision": 177,
                "series": "focal"
              }
            ],
            "config": null,
            "constraints": "arch=amd64",
            "expose": [],
            "id": "ovb:rabbitmq-server",
            "model": "ovb",
            "name": "rabbitmq-server",
            "placement": "10",
            "principal": true,
            "trust": false,
            "units": 1
          },
          "sensitive_attributes": [],
          "private": "bnVsbA==",
          "dependencies": [
            "juju_machine.machines",
            "juju_model.ovb"
          ]
        }
      ]
    },
    {
      "mode": "managed",
      "type": "juju_machine",
      "name": "machines",
      "provider": "provider[\"registry.terraform.io/juju/juju\"]",
      "instances": [
        {
          "index_key": 0,
          "schema_version": 0,
          "attributes": {
            "constraints": null,
            "disks": null,
            "id": "ovb:8:0",
            "machine_id": "8",
            "model": "ovb",
            "name": "0",
            "series": "focal"
          },
          "sensitive_attributes": [],
          "private": "bnVsbA==",
          "dependencies": [
            "juju_model.ovb"
          ]
        },
        {
          "index_key": 1,
          "schema_version": 0,
          "attributes": {
            "constraints": null,
            "disks": null,
            "id": "ovb:10:1",
            "machine_id": "10",
            "model": "ovb",
            "name": "1",
            "series": "focal"
          },
          "sensitive_attributes": [],
          "private": "bnVsbA==",
          "dependencies": [
            "juju_model.ovb"
          ]
        },
        {
          "index_key": 2,
          "schema_version": 0,
          "attributes": {
            "constraints": null,
            "disks": null,
            "id": "ovb:0:2",
            "machine_id": "0",
            "model": "ovb",
            "name": "2",
            "series": "focal"
          },
          "sensitive_attributes": [],
          "private": "bnVsbA==",
          "dependencies": [
            "juju_model.ovb"
          ]
        },
        {
          "index_key": 3,
          "schema_version": 0,
          "attributes": {
            "constraints": null,
            "disks": null,
            "id": "ovb:1:3",
            "machine_id": "1",
            "model": "ovb",
            "name": "3",
            "series": "focal"
          },
          "sensitive_attributes": [],
          "private": "bnVsbA==",
          "dependencies": [
            "juju_model.ovb"
          ]
        },
        {
          "index_key": 4,
          "schema_version": 0,
          "attributes": {
            "constraints": null,
            "disks": null,
            "id": "ovb:9:4",
            "machine_id": "9",
            "model": "ovb",
            "name": "4",
            "series": "focal"
          },
          "sensitive_attributes": [],
          "private": "bnVsbA==",
          "dependencies": [
            "juju_model.ovb"
          ]
        },
        {
          "index_key": 5,
          "schema_version": 0,
          "attributes": {
            "constraints": null,
            "disks": null,
            "id": "ovb:2:5",
            "machine_id": "2",
            "model": "ovb",
            "name": "5",
            "series": "focal"
          },
          "sensitive_attributes": [],
          "private": "bnVsbA==",
          "dependencies": [
            "juju_model.ovb"
          ]
        },
        {
          "index_key": 6,
          "schema_version": 0,
          "attributes": {
            "constraints": null,
            "disks": null,
            "id": "ovb:3:6",
            "machine_id": "3",
            "model": "ovb",
            "name": "6",
            "series": "focal"
          },
          "sensitive_attributes": [],
          "private": "bnVsbA==",
          "dependencies": [
            "juju_model.ovb"
          ]
        },
        {
          "index_key": 7,
          "schema_version": 0,
          "attributes": {
            "constraints": null,
            "disks": null,
            "id": "ovb:7:7",
            "machine_id": "7",
            "model": "ovb",
            "name": "7",
            "series": "focal"
          },
          "sensitive_attributes": [],
          "private": "bnVsbA==",
          "dependencies": [
            "juju_model.ovb"
          ]
        },
        {
          "index_key": 8,
          "schema_version": 0,
          "attributes": {
            "constraints": null,
            "disks": null,
            "id": "ovb:6:8",
            "machine_id": "6",
            "model": "ovb",
            "name": "8",
            "series": "focal"
          },
          "sensitive_attributes": [],
          "private": "bnVsbA==",
          "dependencies": [
            "juju_model.ovb"
          ]
        },
        {
          "index_key": 9,
          "schema_version": 0,
          "attributes": {
            "constraints": null,
            "disks": null,
            "id": "ovb:5:9",
            "machine_id": "5",
            "model": "ovb",
            "name": "9",
            "series": "focal"
          },
          "sensitive_attributes": [],
          "private": "bnVsbA==",
          "dependencies": [
            "juju_model.ovb"
          ]
        },
        {
          "index_key": 10,
          "schema_version": 0,
          "attributes": {
            "constraints": null,
            "disks": null,
            "id": "ovb:4:10",
            "machine_id": "4",
            "model": "ovb",
            "name": "10",
            "series": "focal"
          },
          "sensitive_attributes": [],
          "private": "bnVsbA==",
          "dependencies": [
            "juju_model.ovb"
          ]
        }
      ]
    },
    {
      "mode": "managed",
      "type": "juju_model",
      "name": "ovb",
      "provider": "provider[\"registry.terraform.io/juju/juju\"]",
      "instances": [
        {
          "schema_version": 0,
          "attributes": {
            "cloud": [
              {
                "name": "stsstack",
                "region": "stsstack"
              }
            ],
            "config": null,
            "constraints": null,
            "credential": null,
            "id": "cc7d465e-3902-4458-8bee-1a2faf67141c",
            "name": "ovb",
            "type": null
          },
          "sensitive_attributes": [],
          "private": "bnVsbA=="
        }
      ]
    },
    {
      "mode": "managed",
      "type": "juju_ssh_key",
      "name": "model-key",
      "provider": "provider[\"registry.terraform.io/juju/juju\"]",
      "instances": [
        {
          "schema_version": 0,
          "attributes": {
            "id": "sshkey:ovb:ubuntu@jorge-merlino-bastion",
            "model": "ovb",
            "payload": "ssh-rsa AAAAB3NzaC1yc2EAAAADAQABAAACAQDPX3TtyphpKrmkGmxzdZIk2TZ8rmUWz3LMK1beSXUdycyWwG/2NzwNW/XoncFUb0pRJkx+KHWQ/F+TpJGVJGf1pCFrg+5DyTdT0FLGYaX9D71LPpJt79g4mgQ9DBppZQD6FmxViE1p46zWWAgC4VSPH92cWJzs3WtztH3KAQdfVhVUJ8U8srqT6GF65dCL/eDoucqZH5y0LyjKVi73xqE6bQlmavZA70/HO0fx2JRtFK7ZnlTosvnPXrfNeYIAYALT2mZjDVsIlb00UwbBEYTjly6fMQE9cKYK8OtptIM/J5oRLk7AcMu/1yK6r8RlU8fwdaaVKC/tRDeJmkAopJw974rGpfmBSpM+iabi5Qht+nZ0SaMOTCgwOd+B8t9SL3UCygs62b9yThYsoR1h61dHTcdFHyRtnqMs7oyfOave3X1UTYa3xztpi81dSkA0HjGZOtc6jBhfFa1JIvrIZMGOXJ9a8zBgsXSgNfHMj6PeiQPUyR2WLQS2KvhCRVM1YSy++L9jLTmCI502yiD2o1yhID58FGkdde5sLU8M0/93jXjd5daThAajS1i67CK3rPVz+sVJs9QhEBjaJKYERW+3jJXlwJ18AC6S0uL+Dezem80PEeLlOqd4mRqLHPeglf/jCkxoEK0m5HZJ3jegcrL4FCSkiYpT/k04fcouuTi7XQ== ubuntu@jorge-merlino-bastion\n"
          },
          "sensitive_attributes": [],
          "private": "bnVsbA=="
        }
      ]
    },
    {
      "module": "module.cinder",
      "mode": "managed",
      "type": "juju_application",
      "name": "cinder",
      "provider": "provider[\"registry.terraform.io/juju/juju\"]",
      "instances": [
        {
          "schema_version": 0,
          "attributes": {
            "charm": [
              {
                "channel": "yoga/stable",
                "name": "cinder",
                "revision": 630,
                "series": "focal"
              }
            ],
            "config": {
              "block-device": "None",
              "glance-api-version": "2",
              "openstack-origin": "distro"
            },
            "constraints": "arch=amd64",
            "expose": [],
            "id": "ovb:cinder",
            "model": "ovb",
            "name": "cinder",
            "placement": "",
            "principal": true,
            "trust": false,
            "units": 1
          },
          "sensitive_attributes": [],
          "private": "bnVsbA==",
          "dependencies": [
            "juju_machine.machines",
            "juju_model.ovb"
          ]
        }
      ]
    },
    {
      "module": "module.cinder",
      "mode": "managed",
      "type": "juju_application",
      "name": "cinder_mysql_router",
      "provider": "provider[\"registry.terraform.io/juju/juju\"]",
      "instances": [
        {
          "schema_version": 0,
          "attributes": {
            "charm": [
              {
                "channel": "8.0/stable",
                "name": "mysql-router",
                "revision": 35,
                "series": "focal"
              }
            ],
            "config": null,
            "constraints": null,
            "expose": [],
            "id": "ovb:cinder-mysql-router",
            "model": "ovb",
            "name": "cinder-mysql-router",
            "placement": "",
            "principal": false,
            "trust": false,
            "units": 0
          },
          "sensitive_attributes": [],
          "private": "bnVsbA==",
          "dependencies": [
            "juju_model.ovb"
          ]
        }
      ]
    },
    {
      "module": "module.cinder",
      "mode": "managed",
      "type": "juju_integration",
      "name": "cinder_glance",
      "provider": "provider[\"registry.terraform.io/juju/juju\"]",
      "instances": [
        {
          "schema_version": 0,
          "attributes": {
            "application": [
              {
                "endpoint": "image-service",
                "name": "cinder",
                "offer_url": ""
              },
              {
                "endpoint": "image-service",
                "name": "glance",
                "offer_url": ""
              }
            ],
            "id": "ovb:glance:image-service:cinder:image-service",
            "model": "ovb",
            "via": null
          },
          "sensitive_attributes": [],
          "private": "bnVsbA==",
          "dependencies": [
            "juju_application.mysql_innodb_cluster",
            "juju_application.rabbitmq",
            "juju_machine.machines",
            "juju_model.ovb",
            "module.ceph_cluster.juju_application.ceph_mon",
            "module.ceph_cluster.juju_application.ceph_osds",
            "module.ceph_cluster.juju_application.ceph_radosgw",
            "module.cinder.juju_application.cinder",
            "module.glance.juju_application.glance",
            "module.keystone.juju_application.keystone",
            "module.nova.juju_application.nova_cloud_controller",
            "module.nova.juju_application.nova_compute",
            "module.nova.juju_machine.nova_compute_machines",
            "module.nova.juju_machine.nova_controller_machines",
            "module.vault.juju_application.vault"
          ]
        }
      ]
    },
    {
      "module": "module.cinder",
      "mode": "managed",
      "type": "juju_integration",
      "name": "cinder_keystone",
      "provider": "provider[\"registry.terraform.io/juju/juju\"]",
      "instances": [
        {
          "schema_version": 0,
          "attributes": {
            "application": [
              {
                "endpoint": "identity-service",
                "name": "cinder",
                "offer_url": ""
              },
              {
                "endpoint": "identity-service",
                "name": "keystone",
                "offer_url": ""
              }
            ],
            "id": "ovb:keystone:identity-service:cinder:identity-service",
            "model": "ovb",
            "via": null
          },
          "sensitive_attributes": [],
          "private": "bnVsbA==",
          "dependencies": [
            "juju_application.mysql_innodb_cluster",
            "juju_application.rabbitmq",
            "juju_machine.machines",
            "juju_model.ovb",
            "module.ceph_cluster.juju_application.ceph_mon",
            "module.ceph_cluster.juju_application.ceph_osds",
            "module.ceph_cluster.juju_application.ceph_radosgw",
            "module.cinder.juju_application.cinder",
            "module.glance.juju_application.glance",
            "module.keystone.juju_application.keystone",
            "module.nova.juju_application.nova_cloud_controller",
            "module.nova.juju_application.nova_compute",
            "module.nova.juju_machine.nova_compute_machines",
            "module.nova.juju_machine.nova_controller_machines",
            "module.vault.juju_application.vault"
          ]
        }
      ]
    },
    {
      "module": "module.cinder",
      "mode": "managed",
      "type": "juju_integration",
      "name": "cinder_mysql_router_db_router",
      "provider": "provider[\"registry.terraform.io/juju/juju\"]",
      "instances": [
        {
          "schema_version": 0,
          "attributes": {
            "application": [
              {
                "endpoint": "db-router",
                "name": "cinder-mysql-router",
                "offer_url": ""
              },
              {
                "endpoint": "db-router",
                "name": "mysql-innodb-cluster",
                "offer_url": ""
              }
            ],
            "id": "ovb:mysql-innodb-cluster:db-router:cinder-mysql-router:db-router",
            "model": "ovb",
            "via": null
          },
          "sensitive_attributes": [],
          "private": "bnVsbA==",
          "dependencies": [
            "juju_application.mysql_innodb_cluster",
            "juju_application.rabbitmq",
            "juju_machine.machines",
            "juju_model.ovb",
            "module.ceph_cluster.juju_application.ceph_mon",
            "module.ceph_cluster.juju_application.ceph_osds",
            "module.ceph_cluster.juju_application.ceph_radosgw",
            "module.cinder.juju_application.cinder_mysql_router",
            "module.glance.juju_application.glance",
            "module.keystone.juju_application.keystone",
            "module.nova.juju_application.nova_cloud_controller",
            "module.nova.juju_application.nova_compute",
            "module.nova.juju_machine.nova_compute_machines",
            "module.nova.juju_machine.nova_controller_machines",
            "module.vault.juju_application.vault"
          ]
        }
      ]
    },
    {
      "module": "module.cinder",
      "mode": "managed",
      "type": "juju_integration",
      "name": "cinder_mysql_router_shared_db",
      "provider": "provider[\"registry.terraform.io/juju/juju\"]",
      "instances": [
        {
          "schema_version": 0,
          "attributes": {
            "application": [
              {
                "endpoint": "shared-db",
                "name": "cinder",
                "offer_url": ""
              },
              {
                "endpoint": "shared-db",
                "name": "cinder-mysql-router",
                "offer_url": ""
              }
            ],
            "id": "ovb:cinder-mysql-router:shared-db:cinder:shared-db",
            "model": "ovb",
            "via": null
          },
          "sensitive_attributes": [],
          "private": "bnVsbA==",
          "dependencies": [
            "juju_machine.machines",
            "juju_model.ovb",
            "module.cinder.juju_application.cinder",
            "module.cinder.juju_application.cinder_mysql_router"
          ]
        }
      ]
    },
    {
      "module": "module.cinder",
      "mode": "managed",
      "type": "juju_integration",
      "name": "cinder_nova_cloud_controller",
      "provider": "provider[\"registry.terraform.io/juju/juju\"]",
      "instances": [
        {
          "schema_version": 0,
          "attributes": {
            "application": [
              {
                "endpoint": "cinder-volume-service",
                "name": "cinder",
                "offer_url": ""
              },
              {
                "endpoint": "cinder-volume-service",
                "name": "nova-cloud-controller",
                "offer_url": ""
              }
            ],
            "id": "ovb:cinder:cinder-volume-service:nova-cloud-controller:cinder-volume-service",
            "model": "ovb",
            "via": null
          },
          "sensitive_attributes": [],
          "private": "bnVsbA==",
          "dependencies": [
            "juju_application.mysql_innodb_cluster",
            "juju_application.rabbitmq",
            "juju_machine.machines",
            "juju_model.ovb",
            "module.ceph_cluster.juju_application.ceph_mon",
            "module.ceph_cluster.juju_application.ceph_osds",
            "module.ceph_cluster.juju_application.ceph_radosgw",
            "module.cinder.juju_application.cinder",
            "module.glance.juju_application.glance",
            "module.keystone.juju_application.keystone",
            "module.nova.juju_application.nova_cloud_controller",
            "module.nova.juju_application.nova_compute",
            "module.nova.juju_machine.nova_compute_machines",
            "module.nova.juju_machine.nova_controller_machines",
            "module.vault.juju_application.vault"
          ]
        }
      ]
    },
    {
      "module": "module.cinder",
      "mode": "managed",
      "type": "juju_integration",
      "name": "cinder_rabbitmq",
      "provider": "provider[\"registry.terraform.io/juju/juju\"]",
      "instances": [
        {
          "schema_version": 0,
          "attributes": {
            "application": [
              {
                "endpoint": "amqp",
                "name": "cinder",
                "offer_url": ""
              },
              {
                "endpoint": "amqp",
                "name": "rabbitmq-server",
                "offer_url": ""
              }
            ],
            "id": "ovb:rabbitmq-server:amqp:cinder:amqp",
            "model": "ovb",
            "via": null
          },
          "sensitive_attributes": [],
          "private": "bnVsbA==",
          "dependencies": [
            "juju_application.mysql_innodb_cluster",
            "juju_application.rabbitmq",
            "juju_machine.machines",
            "juju_model.ovb",
            "module.ceph_cluster.juju_application.ceph_mon",
            "module.ceph_cluster.juju_application.ceph_osds",
            "module.ceph_cluster.juju_application.ceph_radosgw",
            "module.cinder.juju_application.cinder",
            "module.glance.juju_application.glance",
            "module.keystone.juju_application.keystone",
            "module.nova.juju_application.nova_cloud_controller",
            "module.nova.juju_application.nova_compute",
            "module.nova.juju_machine.nova_compute_machines",
            "module.nova.juju_machine.nova_controller_machines",
            "module.vault.juju_application.vault"
          ]
        }
      ]
    },
    {
      "module": "module.glance",
      "mode": "managed",
      "type": "juju_application",
      "name": "glance",
      "provider": "provider[\"registry.terraform.io/juju/juju\"]",
      "instances": [
        {
          "schema_version": 0,
          "attributes": {
            "charm": [
              {
                "channel": "yoga/stable",
                "name": "glance",
                "revision": 562,
                "series": "focal"
              }
            ],
            "config": null,
            "constraints": "arch=amd64",
            "expose": [],
            "id": "ovb:glance",
            "model": "ovb",
            "name": "glance",
            "placement": "3",
            "principal": true,
            "trust": false,
            "units": 1
          },
          "sensitive_attributes": [],
          "private": "bnVsbA==",
          "dependencies": [
            "juju_machine.machines",
            "juju_model.ovb"
          ]
        }
      ]
    },
    {
      "module": "module.glance",
      "mode": "managed",
      "type": "juju_application",
      "name": "glance_mysql_router",
      "provider": "provider[\"registry.terraform.io/juju/juju\"]",
      "instances": [
        {
          "schema_version": 0,
          "attributes": {
            "charm": [
              {
                "channel": "8.0/stable",
                "name": "mysql-router",
                "revision": 35,
                "series": "focal"
              }
            ],
            "config": null,
            "constraints": null,
            "expose": [],
            "id": "ovb:glance-mysql-router",
            "model": "ovb",
            "name": "glance-mysql-router",
            "placement": "",
            "principal": false,
            "trust": false,
            "units": 0
          },
          "sensitive_attributes": [],
          "private": "bnVsbA==",
          "dependencies": [
            "juju_model.ovb"
          ]
        }
      ]
    },
    {
      "module": "module.glance",
      "mode": "managed",
      "type": "juju_integration",
      "name": "glance_keystone",
      "provider": "provider[\"registry.terraform.io/juju/juju\"]",
      "instances": [
        {
          "schema_version": 0,
          "attributes": {
            "application": [
              {
                "endpoint": "identity-service",
                "name": "glance",
                "offer_url": ""
              },
              {
                "endpoint": "identity-service",
                "name": "keystone",
                "offer_url": ""
              }
            ],
            "id": "ovb:keystone:identity-service:glance:identity-service",
            "model": "ovb",
            "via": null
          },
          "sensitive_attributes": [],
          "private": "bnVsbA==",
          "dependencies": [
            "juju_application.mysql_innodb_cluster",
            "juju_machine.machines",
            "juju_model.ovb",
            "module.glance.juju_application.glance",
            "module.keystone.juju_application.keystone",
            "module.nova.juju_application.nova_cloud_controller",
            "module.nova.juju_application.nova_compute",
            "module.nova.juju_machine.nova_compute_machines",
            "module.nova.juju_machine.nova_controller_machines",
            "module.vault.juju_application.vault"
          ]
        }
      ]
    },
    {
      "module": "module.glance",
      "mode": "managed",
      "type": "juju_integration",
      "name": "glance_mysql_router_db_router",
      "provider": "provider[\"registry.terraform.io/juju/juju\"]",
      "instances": [
        {
          "schema_version": 0,
          "attributes": {
            "application": [
              {
                "endpoint": "db-router",
                "name": "glance-mysql-router",
                "offer_url": ""
              },
              {
                "endpoint": "db-router",
                "name": "mysql-innodb-cluster",
                "offer_url": ""
              }
            ],
            "id": "ovb:mysql-innodb-cluster:db-router:glance-mysql-router:db-router",
            "model": "ovb",
            "via": null
          },
          "sensitive_attributes": [],
          "private": "bnVsbA==",
          "dependencies": [
            "juju_application.mysql_innodb_cluster",
            "juju_machine.machines",
            "juju_model.ovb",
            "module.glance.juju_application.glance_mysql_router",
            "module.keystone.juju_application.keystone",
            "module.nova.juju_application.nova_cloud_controller",
            "module.nova.juju_application.nova_compute",
            "module.nova.juju_machine.nova_compute_machines",
            "module.nova.juju_machine.nova_controller_machines",
            "module.vault.juju_application.vault"
          ]
        }
      ]
    },
    {
      "module": "module.glance",
      "mode": "managed",
      "type": "juju_integration",
      "name": "glance_mysql_router_shared_db",
      "provider": "provider[\"registry.terraform.io/juju/juju\"]",
      "instances": [
        {
          "schema_version": 0,
          "attributes": {
            "application": [
              {
                "endpoint": "shared-db",
                "name": "glance",
                "offer_url": ""
              },
              {
                "endpoint": "shared-db",
                "name": "glance-mysql-router",
                "offer_url": ""
              }
            ],
            "id": "ovb:glance-mysql-router:shared-db:glance:shared-db",
            "model": "ovb",
            "via": null
          },
          "sensitive_attributes": [],
          "private": "bnVsbA==",
          "dependencies": [
            "juju_machine.machines",
            "juju_model.ovb",
            "module.glance.juju_application.glance",
            "module.glance.juju_application.glance_mysql_router"
          ]
        }
      ]
    },
    {
      "module": "module.glance",
      "mode": "managed",
      "type": "juju_integration",
      "name": "glance_nova_cloud_controller",
      "provider": "provider[\"registry.terraform.io/juju/juju\"]",
      "instances": [
        {
          "schema_version": 0,
          "attributes": {
            "application": [
              {
                "endpoint": "image-service",
                "name": "glance",
                "offer_url": ""
              },
              {
                "endpoint": "image-service",
                "name": "nova-cloud-controller",
                "offer_url": ""
              }
            ],
            "id": "ovb:glance:image-service:nova-cloud-controller:image-service",
            "model": "ovb",
            "via": null
          },
          "sensitive_attributes": [],
          "private": "bnVsbA==",
          "dependencies": [
            "juju_application.mysql_innodb_cluster",
            "juju_machine.machines",
            "juju_model.ovb",
            "module.glance.juju_application.glance",
            "module.keystone.juju_application.keystone",
            "module.nova.juju_application.nova_cloud_controller",
            "module.nova.juju_application.nova_compute",
            "module.nova.juju_machine.nova_compute_machines",
            "module.nova.juju_machine.nova_controller_machines",
            "module.vault.juju_application.vault"
          ]
        }
      ]
    },
    {
      "module": "module.glance",
      "mode": "managed",
      "type": "juju_integration",
      "name": "glance_nova_compute",
      "provider": "provider[\"registry.terraform.io/juju/juju\"]",
      "instances": [
        {
          "schema_version": 0,
          "attributes": {
            "application": [
              {
                "endpoint": "image-service",
                "name": "glance",
                "offer_url": ""
              },
              {
                "endpoint": "image-service",
                "name": "nova-compute",
                "offer_url": ""
              }
            ],
            "id": "ovb:glance:image-service:nova-compute:image-service",
            "model": "ovb",
            "via": null
          },
          "sensitive_attributes": [],
          "private": "bnVsbA==",
          "dependencies": [
            "juju_application.mysql_innodb_cluster",
            "juju_machine.machines",
            "juju_model.ovb",
            "module.glance.juju_application.glance",
            "module.keystone.juju_application.keystone",
            "module.nova.juju_application.nova_cloud_controller",
            "module.nova.juju_application.nova_compute",
            "module.nova.juju_machine.nova_compute_machines",
            "module.nova.juju_machine.nova_controller_machines",
            "module.vault.juju_application.vault"
          ]
        }
      ]
    },
    {
      "module": "module.keystone",
      "mode": "managed",
      "type": "juju_application",
      "name": "keystone",
      "provider": "provider[\"registry.terraform.io/juju/juju\"]",
      "instances": [
        {
          "schema_version": 0,
          "attributes": {
            "charm": [
              {
                "channel": "yoga/stable",
                "name": "keystone",
                "revision": 647,
                "series": "focal"
              }
            ],
            "config": null,
            "constraints": "arch=amd64",
            "expose": [],
            "id": "ovb:keystone",
            "model": "ovb",
            "name": "keystone",
            "placement": "9",
            "principal": true,
            "trust": false,
            "units": 1
          },
          "sensitive_attributes": [],
          "private": "bnVsbA==",
          "dependencies": [
            "juju_machine.machines",
            "juju_model.ovb"
          ]
        }
      ]
    },
    {
      "module": "module.keystone",
      "mode": "managed",
      "type": "juju_application",
      "name": "keystone_mysql_router",
      "provider": "provider[\"registry.terraform.io/juju/juju\"]",
      "instances": [
        {
          "schema_version": 0,
          "attributes": {
            "charm": [
              {
                "channel": "8.0/stable",
                "name": "mysql-router",
                "revision": 35,
                "series": "focal"
              }
            ],
            "config": null,
            "constraints": null,
            "expose": [],
            "id": "ovb:keystone-mysql-router",
            "model": "ovb",
            "name": "keystone-mysql-router",
            "placement": "",
            "principal": false,
            "trust": false,
            "units": 0
          },
          "sensitive_attributes": [],
          "private": "bnVsbA==",
          "dependencies": [
            "juju_model.ovb"
          ]
        }
      ]
    },
    {
      "module": "module.keystone",
      "mode": "managed",
      "type": "juju_integration",
      "name": "keystone_mysql_router_db_router",
      "provider": "provider[\"registry.terraform.io/juju/juju\"]",
      "instances": [
        {
          "schema_version": 0,
          "attributes": {
            "application": [
              {
                "endpoint": "db-router",
                "name": "keystone-mysql-router",
                "offer_url": ""
              },
              {
                "endpoint": "db-router",
                "name": "mysql-innodb-cluster",
                "offer_url": ""
              }
            ],
            "id": "ovb:mysql-innodb-cluster:db-router:keystone-mysql-router:db-router",
            "model": "ovb",
            "via": null
          },
          "sensitive_attributes": [],
          "private": "bnVsbA==",
          "dependencies": [
            "juju_application.mysql_innodb_cluster",
            "juju_machine.machines",
            "juju_model.ovb",
            "module.keystone.juju_application.keystone_mysql_router",
            "module.vault.juju_application.vault"
          ]
        }
      ]
    },
    {
      "module": "module.keystone",
      "mode": "managed",
      "type": "juju_integration",
      "name": "keystone_mysql_router_shared_db",
      "provider": "provider[\"registry.terraform.io/juju/juju\"]",
      "instances": [
        {
          "schema_version": 0,
          "attributes": {
            "application": [
              {
                "endpoint": "shared-db",
                "name": "keystone",
                "offer_url": ""
              },
              {
                "endpoint": "shared-db",
                "name": "keystone-mysql-router",
                "offer_url": ""
              }
            ],
            "id": "ovb:keystone-mysql-router:shared-db:keystone:shared-db",
            "model": "ovb",
            "via": null
          },
          "sensitive_attributes": [],
          "private": "bnVsbA==",
          "dependencies": [
            "juju_machine.machines",
            "juju_model.ovb",
            "module.keystone.juju_application.keystone",
            "module.keystone.juju_application.keystone_mysql_router"
          ]
        }
      ]
    },
    {
      "module": "module.neutron_ovs",
      "mode": "managed",
      "type": "juju_application",
      "name": "neutron_api",
      "provider": "provider[\"registry.terraform.io/juju/juju\"]",
      "instances": [
        {
          "schema_version": 0,
          "attributes": {
            "charm": [
              {
                "channel": "yoga/stable",
                "name": "neutron-api",
                "revision": 547,
                "series": "focal"
              }
            ],
            "config": {
              "default-tenant-network-type": "vxlan",
              "enable-ml2-port-security": "true",
              "flat-network-providers": "physnet1",
              "global-physnet-mtu": "8958",
              "manage-neutron-plugin-legacy-mode": "true",
              "neutron-security-groups": "true",
              "openstack-origin": "cloud:focal-yoga",
              "overlay-network-type": "vxlan gre",
              "path-mtu": "1550",
              "physical-network-mtus": "physnet1:1500"
            },
            "constraints": "arch=amd64",
            "expose": [],
            "id": "ovb:neutron-api",
            "model": "ovb",
            "name": "neutron-api",
            "placement": "1",
            "principal": true,
            "trust": false,
            "units": 1
          },
          "sensitive_attributes": [],
          "private": "bnVsbA==",
          "dependencies": [
            "juju_machine.machines",
            "juju_model.ovb"
          ]
        }
      ]
    },
    {
      "module": "module.neutron_ovs",
      "mode": "managed",
      "type": "juju_application",
      "name": "neutron_api_mysql_router",
      "provider": "provider[\"registry.terraform.io/juju/juju\"]",
      "instances": [
        {
          "schema_version": 0,
          "attributes": {
            "charm": [
              {
                "channel": "8.0/stable",
                "name": "mysql-router",
                "revision": 35,
                "series": "focal"
              }
            ],
            "config": null,
            "constraints": null,
            "expose": [],
            "id": "ovb:neutron-api-mysql-router",
            "model": "ovb",
            "name": "neutron-api-mysql-router",
            "placement": "",
            "principal": false,
            "trust": false,
            "units": 0
          },
          "sensitive_attributes": [],
          "private": "bnVsbA==",
          "dependencies": [
            "juju_model.ovb"
          ]
        }
      ]
    },
    {
      "module": "module.neutron_ovs",
      "mode": "managed",
      "type": "juju_application",
      "name": "neutron_gateway",
      "provider": "provider[\"registry.terraform.io/juju/juju\"]",
      "instances": [
        {
          "schema_version": 0,
          "attributes": {
            "charm": [
              {
                "channel": "yoga/stable",
                "name": "neutron-gateway",
                "revision": 520,
                "series": "focal"
              }
            ],
            "config": {
              "bridge-mappings": "physnet1:br-data",
              "enable-isolated-metadata": "true",
              "openstack-origin": "cloud:focal-yoga"
            },
            "constraints": "arch=amd64",
            "expose": [],
            "id": "ovb:neutron-gateway",
            "model": "ovb",
            "name": "neutron-gateway",
            "placement": "",
            "principal": true,
            "trust": false,
            "units": 1
          },
          "sensitive_attributes": [],
          "private": "bnVsbA==",
          "dependencies": [
            "juju_machine.machines",
            "juju_model.ovb"
          ]
        }
      ]
    },
    {
      "module": "module.neutron_ovs",
      "mode": "managed",
      "type": "juju_application",
      "name": "neutron_openvswitch",
      "provider": "provider[\"registry.terraform.io/juju/juju\"]",
      "instances": [
        {
          "schema_version": 0,
          "attributes": {
            "charm": [
              {
                "channel": "yoga/stable",
                "name": "neutron-openvswitch",
                "revision": 531,
                "series": "focal"
              }
            ],
            "config": {
              "enable-local-dhcp-and-metadata": "true",
              "firewall-driver": "openvswitch"
            },
            "constraints": null,
            "expose": [],
            "id": "ovb:neutron-openvswitch",
            "model": "ovb",
            "name": "neutron-openvswitch",
            "placement": "",
            "principal": false,
            "trust": false,
            "units": 0
          },
          "sensitive_attributes": [],
          "private": "bnVsbA==",
          "dependencies": [
            "juju_machine.machines",
            "juju_model.ovb"
          ]
        }
      ]
    },
    {
      "module": "module.neutron_ovs",
      "mode": "managed",
      "type": "juju_integration",
      "name": "keystone_neutron_api",
      "provider": "provider[\"registry.terraform.io/juju/juju\"]",
      "instances": [
        {
          "schema_version": 0,
          "attributes": {
            "application": [
              {
                "endpoint": "identity-service",
                "name": "keystone",
                "offer_url": ""
              },
              {
                "endpoint": "identity-service",
                "name": "neutron-api",
                "offer_url": ""
              }
            ],
            "id": "ovb:keystone:identity-service:neutron-api:identity-service",
            "model": "ovb",
            "via": null
          },
          "sensitive_attributes": [],
          "private": "bnVsbA==",
          "dependencies": [
            "juju_application.mysql_innodb_cluster",
            "juju_application.rabbitmq",
            "juju_machine.machines",
            "juju_model.ovb",
            "module.keystone.juju_application.keystone",
            "module.neutron_ovs.juju_application.neutron_api",
            "module.nova.juju_application.nova_cloud_controller",
            "module.nova.juju_application.nova_compute",
            "module.nova.juju_machine.nova_compute_machines",
            "module.nova.juju_machine.nova_controller_machines",
            "module.vault.juju_application.vault"
          ]
        }
      ]
    },
    {
      "module": "module.neutron_ovs",
      "mode": "managed",
      "type": "juju_integration",
      "name": "neutron_api_mysql_router_db_router",
      "provider": "provider[\"registry.terraform.io/juju/juju\"]",
      "instances": [
        {
          "schema_version": 0,
          "attributes": {
            "application": [
              {
                "endpoint": "db-router",
                "name": "mysql-innodb-cluster",
                "offer_url": ""
              },
              {
                "endpoint": "db-router",
                "name": "neutron-api-mysql-router",
                "offer_url": ""
              }
            ],
            "id": "ovb:mysql-innodb-cluster:db-router:neutron-api-mysql-router:db-router",
            "model": "ovb",
            "via": null
          },
          "sensitive_attributes": [],
          "private": "bnVsbA==",
          "dependencies": [
            "juju_application.mysql_innodb_cluster",
            "juju_application.rabbitmq",
            "juju_machine.machines",
            "juju_model.ovb",
            "module.keystone.juju_application.keystone",
            "module.neutron_ovs.juju_application.neutron_api_mysql_router",
            "module.nova.juju_application.nova_cloud_controller",
            "module.nova.juju_application.nova_compute",
            "module.nova.juju_machine.nova_compute_machines",
            "module.nova.juju_machine.nova_controller_machines",
            "module.vault.juju_application.vault"
          ]
        }
      ]
    },
    {
      "module": "module.neutron_ovs",
      "mode": "managed",
      "type": "juju_integration",
      "name": "neutron_api_mysql_router_shared_db",
      "provider": "provider[\"registry.terraform.io/juju/juju\"]",
      "instances": [
        {
          "schema_version": 0,
          "attributes": {
            "application": [
              {
                "endpoint": "shared-db",
                "name": "neutron-api",
                "offer_url": ""
              },
              {
                "endpoint": "shared-db",
                "name": "neutron-api-mysql-router",
                "offer_url": ""
              }
            ],
            "id": "ovb:neutron-api-mysql-router:shared-db:neutron-api:shared-db",
            "model": "ovb",
            "via": null
          },
          "sensitive_attributes": [],
          "private": "bnVsbA==",
          "dependencies": [
            "juju_machine.machines",
            "juju_model.ovb",
            "module.neutron_ovs.juju_application.neutron_api",
            "module.neutron_ovs.juju_application.neutron_api_mysql_router"
          ]
        }
      ]
    },
    {
      "module": "module.neutron_ovs",
      "mode": "managed",
      "type": "juju_integration",
      "name": "neutron_gateway_neutron_api",
      "provider": "provider[\"registry.terraform.io/juju/juju\"]",
      "instances": [
        {
          "schema_version": 0,
          "attributes": {
            "application": [
              {
                "endpoint": "neutron-plugin-api",
                "name": "neutron-api",
                "offer_url": ""
              },
              {
                "endpoint": "neutron-plugin-api",
                "name": "neutron-gateway",
                "offer_url": ""
              }
            ],
            "id": "ovb:neutron-api:neutron-plugin-api:neutron-gateway:neutron-plugin-api",
            "model": "ovb",
            "via": null
          },
          "sensitive_attributes": [],
          "private": "bnVsbA==",
          "dependencies": [
            "juju_machine.machines",
            "juju_model.ovb",
            "module.neutron_ovs.juju_application.neutron_api",
            "module.neutron_ovs.juju_application.neutron_gateway"
          ]
        }
      ]
    },
    {
      "module": "module.neutron_ovs",
      "mode": "managed",
      "type": "juju_integration",
      "name": "neutron_openvswitch_neutron_api",
      "provider": "provider[\"registry.terraform.io/juju/juju\"]",
      "instances": [
        {
          "schema_version": 0,
          "attributes": {
            "application": [
              {
                "endpoint": "neutron-plugin-api",
                "name": "neutron-api",
                "offer_url": ""
              },
              {
                "endpoint": "neutron-plugin-api",
                "name": "neutron-openvswitch",
                "offer_url": ""
              }
            ],
            "id": "ovb:neutron-api:neutron-plugin-api:neutron-openvswitch:neutron-plugin-api",
            "model": "ovb",
            "via": null
          },
          "sensitive_attributes": [],
          "private": "bnVsbA==",
          "dependencies": [
            "juju_machine.machines",
            "juju_model.ovb",
            "module.neutron_ovs.juju_application.neutron_api",
            "module.neutron_ovs.juju_application.neutron_openvswitch"
          ]
        }
      ]
    },
    {
      "module": "module.neutron_ovs",
      "mode": "managed",
      "type": "juju_integration",
      "name": "nova_cloud_controller_neutron_gateway",
      "provider": "provider[\"registry.terraform.io/juju/juju\"]",
      "instances": [
        {
          "schema_version": 0,
          "attributes": {
            "application": [
              {
                "endpoint": "quantum-network-service",
                "name": "neutron-gateway",
                "offer_url": ""
              },
              {
                "endpoint": "quantum-network-service",
                "name": "nova-cloud-controller",
                "offer_url": ""
              }
            ],
            "id": "ovb:neutron-gateway:quantum-network-service:nova-cloud-controller:quantum-network-service",
            "model": "ovb",
            "via": null
          },
          "sensitive_attributes": [],
          "private": "bnVsbA==",
          "dependencies": [
            "juju_application.mysql_innodb_cluster",
            "juju_application.rabbitmq",
            "juju_machine.machines",
            "juju_model.ovb",
            "module.keystone.juju_application.keystone",
            "module.neutron_ovs.juju_application.neutron_gateway",
            "module.nova.juju_application.nova_cloud_controller",
            "module.nova.juju_application.nova_compute",
            "module.nova.juju_machine.nova_compute_machines",
            "module.nova.juju_machine.nova_controller_machines",
            "module.vault.juju_application.vault"
          ]
        }
      ]
    },
    {
      "module": "module.neutron_ovs",
      "mode": "managed",
      "type": "juju_integration",
      "name": "nova_compute_neutron_openvswitch",
      "provider": "provider[\"registry.terraform.io/juju/juju\"]",
      "instances": [
        {
          "schema_version": 0,
          "attributes": {
            "application": [
              {
                "endpoint": "neutron-plugin",
                "name": "neutron-openvswitch",
                "offer_url": ""
              },
              {
                "endpoint": "neutron-plugin",
                "name": "nova-compute",
                "offer_url": ""
              }
            ],
            "id": "ovb:neutron-openvswitch:neutron-plugin:nova-compute:neutron-plugin",
            "model": "ovb",
            "via": null
          },
          "sensitive_attributes": [],
          "private": "bnVsbA==",
          "dependencies": [
            "juju_application.mysql_innodb_cluster",
            "juju_application.rabbitmq",
            "juju_machine.machines",
            "juju_model.ovb",
            "module.keystone.juju_application.keystone",
            "module.neutron_ovs.juju_application.neutron_openvswitch",
            "module.nova.juju_application.nova_cloud_controller",
            "module.nova.juju_application.nova_compute",
            "module.nova.juju_machine.nova_compute_machines",
            "module.nova.juju_machine.nova_controller_machines",
            "module.vault.juju_application.vault"
          ]
        }
      ]
    },
    {
      "module": "module.neutron_ovs",
      "mode": "managed",
      "type": "juju_integration",
      "name": "rabbitmq_neutron_api",
      "provider": "provider[\"registry.terraform.io/juju/juju\"]",
      "instances": [
        {
          "schema_version": 0,
          "attributes": {
            "application": [
              {
                "endpoint": "amqp",
                "name": "neutron-api",
                "offer_url": ""
              },
              {
                "endpoint": "amqp",
                "name": "rabbitmq-server",
                "offer_url": ""
              }
            ],
            "id": "ovb:rabbitmq-server:amqp:neutron-api:amqp",
            "model": "ovb",
            "via": null
          },
          "sensitive_attributes": [],
          "private": "bnVsbA==",
          "dependencies": [
            "juju_application.mysql_innodb_cluster",
            "juju_application.rabbitmq",
            "juju_machine.machines",
            "juju_model.ovb",
            "module.keystone.juju_application.keystone",
            "module.neutron_ovs.juju_application.neutron_api",
            "module.nova.juju_application.nova_cloud_controller",
            "module.nova.juju_application.nova_compute",
            "module.nova.juju_machine.nova_compute_machines",
            "module.nova.juju_machine.nova_controller_machines",
            "module.vault.juju_application.vault"
          ]
        }
      ]
    },
    {
      "module": "module.neutron_ovs",
      "mode": "managed",
      "type": "juju_integration",
      "name": "rabbitmq_neutron_gateway",
      "provider": "provider[\"registry.terraform.io/juju/juju\"]",
      "instances": [
        {
          "schema_version": 0,
          "attributes": {
            "application": [
              {
                "endpoint": "amqp",
                "name": "neutron-gateway",
                "offer_url": ""
              },
              {
                "endpoint": "amqp",
                "name": "rabbitmq-server",
                "offer_url": ""
              }
            ],
            "id": "ovb:rabbitmq-server:amqp:neutron-gateway:amqp",
            "model": "ovb",
            "via": null
          },
          "sensitive_attributes": [],
          "private": "bnVsbA==",
          "dependencies": [
            "juju_application.mysql_innodb_cluster",
            "juju_application.rabbitmq",
            "juju_machine.machines",
            "juju_model.ovb",
            "module.keystone.juju_application.keystone",
            "module.neutron_ovs.juju_application.neutron_gateway",
            "module.nova.juju_application.nova_cloud_controller",
            "module.nova.juju_application.nova_compute",
            "module.nova.juju_machine.nova_compute_machines",
            "module.nova.juju_machine.nova_controller_machines",
            "module.vault.juju_application.vault"
          ]
        }
      ]
    },
    {
      "module": "module.neutron_ovs",
      "mode": "managed",
      "type": "juju_integration",
      "name": "rabbitmq_neutron_openvswitch",
      "provider": "provider[\"registry.terraform.io/juju/juju\"]",
      "instances": [
        {
          "schema_version": 0,
          "attributes": {
            "application": [
              {
                "endpoint": "amqp",
                "name": "neutron-openvswitch",
                "offer_url": ""
              },
              {
                "endpoint": "amqp",
                "name": "rabbitmq-server",
                "offer_url": ""
              }
            ],
            "id": "ovb:rabbitmq-server:amqp:neutron-openvswitch:amqp",
            "model": "ovb",
            "via": null
          },
          "sensitive_attributes": [],
          "private": "bnVsbA==",
          "dependencies": [
            "juju_application.mysql_innodb_cluster",
            "juju_application.rabbitmq",
            "juju_machine.machines",
            "juju_model.ovb",
            "module.keystone.juju_application.keystone",
            "module.neutron_ovs.juju_application.neutron_openvswitch",
            "module.nova.juju_application.nova_cloud_controller",
            "module.nova.juju_application.nova_compute",
            "module.nova.juju_machine.nova_compute_machines",
            "module.nova.juju_machine.nova_controller_machines",
            "module.vault.juju_application.vault"
          ]
        }
      ]
    },
    {
      "module": "module.nova",
      "mode": "managed",
      "type": "juju_application",
      "name": "ncc_mysql_router",
      "provider": "provider[\"registry.terraform.io/juju/juju\"]",
      "instances": [
        {
          "schema_version": 0,
          "attributes": {
            "charm": [
              {
                "channel": "8.0/stable",
                "name": "mysql-router",
                "revision": 35,
                "series": "focal"
              }
            ],
            "config": null,
            "constraints": null,
            "expose": [],
            "id": "ovb:ncc-mysql-router",
            "model": "ovb",
            "name": "ncc-mysql-router",
            "placement": "",
            "principal": false,
            "trust": false,
            "units": 0
          },
          "sensitive_attributes": [],
          "private": "bnVsbA==",
          "dependencies": [
            "juju_model.ovb"
          ]
        }
      ]
    },
    {
      "module": "module.nova",
      "mode": "managed",
      "type": "juju_application",
      "name": "nova_cloud_controller",
      "provider": "provider[\"registry.terraform.io/juju/juju\"]",
      "instances": [
        {
          "schema_version": 0,
          "attributes": {
            "charm": [
              {
                "channel": "yoga/stable",
                "name": "nova-cloud-controller",
                "revision": 668,
                "series": "focal"
              }
            ],
            "config": {
              "network-manager": "Neutron",
              "openstack-origin": "cloud:focal-yoga"
            },
            "constraints": "arch=amd64",
            "expose": [],
            "id": "ovb:nova-cloud-controller",
            "model": "ovb",
            "name": "nova-cloud-controller",
            "placement": "13",
            "principal": true,
            "trust": false,
            "units": 1
          },
          "sensitive_attributes": [],
          "private": "bnVsbA==",
          "dependencies": [
            "juju_model.ovb",
            "module.nova.juju_machine.nova_controller_machines"
          ]
        }
      ]
    },
    {
      "module": "module.nova",
      "mode": "managed",
      "type": "juju_application",
      "name": "nova_compute",
      "provider": "provider[\"registry.terraform.io/juju/juju\"]",
      "instances": [
        {
          "schema_version": 0,
          "attributes": {
            "charm": [
              {
                "channel": "yoga/stable",
                "name": "nova-compute",
                "revision": 664,
                "series": "focal"
              }
            ],
            "config": {
              "config-flags": "default_ephemeral_format=ext4",
              "enable-live-migration": "true",
              "enable-resize": "true",
              "migration-auth-type": "ssh",
              "openstack-origin": "cloud:focal-yoga",
              "virt-type": "qemu"
            },
            "constraints": "arch=amd64",
            "expose": [],
            "id": "ovb:nova-compute",
            "model": "ovb",
            "name": "nova-compute",
            "placement": ",11",
            "principal": true,
            "trust": false,
            "units": 2
          },
          "sensitive_attributes": [],
          "private": "bnVsbA==",
          "dependencies": [
            "juju_model.ovb",
            "module.nova.juju_machine.nova_compute_machines"
          ]
        }
      ]
    },
    {
      "module": "module.nova",
      "mode": "managed",
      "type": "juju_integration",
      "name": "ncc_mysql_router_db_router",
      "provider": "provider[\"registry.terraform.io/juju/juju\"]",
      "instances": [
        {
          "schema_version": 0,
          "attributes": {
            "application": [
              {
                "endpoint": "db-router",
                "name": "mysql-innodb-cluster",
                "offer_url": ""
              },
              {
                "endpoint": "db-router",
                "name": "ncc-mysql-router",
                "offer_url": ""
              }
            ],
            "id": "ovb:mysql-innodb-cluster:db-router:ncc-mysql-router:db-router",
            "model": "ovb",
            "via": null
          },
          "sensitive_attributes": [],
          "private": "bnVsbA==",
          "dependencies": [
            "juju_application.mysql_innodb_cluster",
            "juju_application.rabbitmq",
            "juju_machine.machines",
            "juju_model.ovb",
            "module.keystone.juju_application.keystone",
            "module.neutron_ovs.juju_application.neutron_api",
            "module.nova.juju_application.ncc_mysql_router",
            "module.vault.juju_application.vault"
          ]
        }
      ]
    },
    {
      "module": "module.nova",
      "mode": "managed",
      "type": "juju_integration",
      "name": "ncc_mysql_router_shared_db",
      "provider": "provider[\"registry.terraform.io/juju/juju\"]",
      "instances": [
        {
          "schema_version": 0,
          "attributes": {
            "application": [
              {
                "endpoint": "shared-db",
                "name": "ncc-mysql-router",
                "offer_url": ""
              },
              {
                "endpoint": "shared-db",
                "name": "nova-cloud-controller",
                "offer_url": ""
              }
            ],
            "id": "ovb:ncc-mysql-router:shared-db:nova-cloud-controller:shared-db",
            "model": "ovb",
            "via": null
          },
          "sensitive_attributes": [],
          "private": "bnVsbA==",
          "dependencies": [
            "juju_model.ovb",
            "module.nova.juju_application.ncc_mysql_router",
            "module.nova.juju_application.nova_cloud_controller",
            "module.nova.juju_machine.nova_controller_machines"
          ]
        }
      ]
    },
    {
      "module": "module.nova",
      "mode": "managed",
      "type": "juju_integration",
      "name": "nova_cloud_controller_keystone",
      "provider": "provider[\"registry.terraform.io/juju/juju\"]",
      "instances": [
        {
          "schema_version": 0,
          "attributes": {
            "application": [
              {
                "endpoint": "identity-service",
                "name": "keystone",
                "offer_url": ""
              },
              {
                "endpoint": "identity-service",
                "name": "nova-cloud-controller",
                "offer_url": ""
              }
            ],
            "id": "ovb:keystone:identity-service:nova-cloud-controller:identity-service",
            "model": "ovb",
            "via": null
          },
          "sensitive_attributes": [],
          "private": "bnVsbA==",
          "dependencies": [
            "juju_application.mysql_innodb_cluster",
            "juju_application.rabbitmq",
            "juju_machine.machines",
            "juju_model.ovb",
            "module.keystone.juju_application.keystone",
            "module.neutron_ovs.juju_application.neutron_api",
            "module.nova.juju_application.nova_cloud_controller",
            "module.nova.juju_machine.nova_controller_machines",
            "module.vault.juju_application.vault"
          ]
        }
      ]
    },
    {
      "module": "module.nova",
      "mode": "managed",
      "type": "juju_integration",
      "name": "nova_cloud_controller_neutron_api",
      "provider": "provider[\"registry.terraform.io/juju/juju\"]",
      "instances": [
        {
          "schema_version": 0,
          "attributes": {
            "application": [
              {
                "endpoint": "neutron-api",
                "name": "neutron-api",
                "offer_url": ""
              },
              {
                "endpoint": "neutron-api",
                "name": "nova-cloud-controller",
                "offer_url": ""
              }
            ],
            "id": "ovb:neutron-api:neutron-api:nova-cloud-controller:neutron-api",
            "model": "ovb",
            "via": null
          },
          "sensitive_attributes": [],
          "private": "bnVsbA==",
          "dependencies": [
            "juju_application.mysql_innodb_cluster",
            "juju_application.rabbitmq",
            "juju_machine.machines",
            "juju_model.ovb",
            "module.keystone.juju_application.keystone",
            "module.neutron_ovs.juju_application.neutron_api",
            "module.nova.juju_application.nova_cloud_controller",
            "module.nova.juju_machine.nova_controller_machines",
            "module.vault.juju_application.vault"
          ]
        }
      ]
    },
    {
      "module": "module.nova",
      "mode": "managed",
      "type": "juju_integration",
      "name": "nova_cloud_controller_nova_compute",
      "provider": "provider[\"registry.terraform.io/juju/juju\"]",
      "instances": [
        {
          "schema_version": 0,
          "attributes": {
            "application": [
              {
                "endpoint": "cloud-compute",
                "name": "nova-cloud-controller",
                "offer_url": ""
              },
              {
                "endpoint": "cloud-compute",
                "name": "nova-compute",
                "offer_url": ""
              }
            ],
            "id": "ovb:nova-compute:cloud-compute:nova-cloud-controller:cloud-compute",
            "model": "ovb",
            "via": null
          },
          "sensitive_attributes": [],
          "private": "bnVsbA==",
          "dependencies": [
            "juju_model.ovb",
            "module.nova.juju_application.nova_cloud_controller",
            "module.nova.juju_application.nova_compute",
            "module.nova.juju_machine.nova_compute_machines",
            "module.nova.juju_machine.nova_controller_machines"
          ]
        }
      ]
    },
    {
      "module": "module.nova",
      "mode": "managed",
      "type": "juju_integration",
      "name": "nova_cloud_controller_rabbitmq",
      "provider": "provider[\"registry.terraform.io/juju/juju\"]",
      "instances": [
        {
          "schema_version": 0,
          "attributes": {
            "application": [
              {
                "endpoint": "amqp",
                "name": "nova-cloud-controller",
                "offer_url": ""
              },
              {
                "endpoint": "amqp",
                "name": "rabbitmq-server",
                "offer_url": ""
              }
            ],
            "id": "ovb:rabbitmq-server:amqp:nova-cloud-controller:amqp",
            "model": "ovb",
            "via": null
          },
          "sensitive_attributes": [],
          "private": "bnVsbA==",
          "dependencies": [
            "juju_application.mysql_innodb_cluster",
            "juju_application.rabbitmq",
            "juju_machine.machines",
            "juju_model.ovb",
            "module.keystone.juju_application.keystone",
            "module.neutron_ovs.juju_application.neutron_api",
            "module.nova.juju_application.nova_cloud_controller",
            "module.nova.juju_machine.nova_controller_machines",
            "module.vault.juju_application.vault"
          ]
        }
      ]
    },
    {
      "module": "module.nova",
      "mode": "managed",
      "type": "juju_integration",
      "name": "rabbitmq_nova_compute",
      "provider": "provider[\"registry.terraform.io/juju/juju\"]",
      "instances": [
        {
          "schema_version": 0,
          "attributes": {
            "application": [
              {
                "endpoint": "amqp",
                "name": "nova-compute",
                "offer_url": ""
              },
              {
                "endpoint": "amqp",
                "name": "rabbitmq-server",
                "offer_url": ""
              }
            ],
            "id": "ovb:rabbitmq-server:amqp:nova-compute:amqp",
            "model": "ovb",
            "via": null
          },
          "sensitive_attributes": [],
          "private": "bnVsbA==",
          "dependencies": [
            "juju_application.mysql_innodb_cluster",
            "juju_application.rabbitmq",
            "juju_machine.machines",
            "juju_model.ovb",
            "module.keystone.juju_application.keystone",
            "module.neutron_ovs.juju_application.neutron_api",
            "module.nova.juju_application.nova_compute",
            "module.nova.juju_machine.nova_compute_machines",
            "module.vault.juju_application.vault"
          ]
        }
      ]
    },
    {
      "module": "module.nova",
      "mode": "managed",
      "type": "juju_machine",
      "name": "nova_compute_machines",
      "provider": "provider[\"registry.terraform.io/juju/juju\"]",
      "instances": [
        {
          "index_key": 0,
          "schema_version": 0,
          "attributes": {
            "constraints": "mem=4G",
            "disks": null,
            "id": "ovb:11:nova_compute0",
            "machine_id": "11",
            "model": "ovb",
            "name": "nova_compute0",
            "series": "focal"
          },
          "sensitive_attributes": [],
          "private": "bnVsbA==",
          "dependencies": [
            "juju_model.ovb"
          ]
        },
        {
          "index_key": 1,
          "schema_version": 0,
          "attributes": {
            "constraints": "mem=4G",
            "disks": null,
            "id": "ovb:12:nova_compute1",
            "machine_id": "12",
            "model": "ovb",
            "name": "nova_compute1",
            "series": "focal"
          },
          "sensitive_attributes": [],
          "private": "bnVsbA==",
          "dependencies": [
            "juju_model.ovb"
          ]
        }
      ]
    },
    {
      "module": "module.nova",
      "mode": "managed",
      "type": "juju_machine",
      "name": "nova_controller_machines",
      "provider": "provider[\"registry.terraform.io/juju/juju\"]",
      "instances": [
        {
          "index_key": 0,
          "schema_version": 0,
          "attributes": {
            "constraints": "mem=2G",
            "disks": null,
            "id": "ovb:13:nova_controller0",
            "machine_id": "13",
            "model": "ovb",
            "name": "nova_controller0",
            "series": "focal"
          },
          "sensitive_attributes": [],
          "private": "bnVsbA==",
          "dependencies": [
            "juju_model.ovb"
          ]
        }
      ]
    },
    {
      "module": "module.placement",
      "mode": "managed",
      "type": "juju_application",
      "name": "placement",
      "provider": "provider[\"registry.terraform.io/juju/juju\"]",
      "instances": [
        {
          "schema_version": 0,
          "attributes": {
            "charm": [
              {
                "channel": "yoga/stable",
                "name": "placement",
                "revision": 85,
                "series": "focal"
              }
            ],
            "config": null,
            "constraints": "arch=amd64",
            "expose": [],
            "id": "ovb:placement",
            "model": "ovb",
            "name": "placement",
            "placement": "2",
            "principal": true,
            "trust": false,
            "units": 1
          },
          "sensitive_attributes": [],
          "private": "bnVsbA==",
          "dependencies": [
            "juju_machine.machines",
            "juju_model.ovb"
          ]
        }
      ]
    },
    {
      "module": "module.placement",
      "mode": "managed",
      "type": "juju_application",
      "name": "placement_mysql_router",
      "provider": "provider[\"registry.terraform.io/juju/juju\"]",
      "instances": [
        {
          "schema_version": 0,
          "attributes": {
            "charm": [
              {
                "channel": "8.0/stable",
                "name": "mysql-router",
                "revision": 35,
                "series": "focal"
              }
            ],
            "config": null,
            "constraints": null,
            "expose": [],
            "id": "ovb:placement-mysql-router",
            "model": "ovb",
            "name": "placement-mysql-router",
            "placement": "",
            "principal": false,
            "trust": false,
            "units": 0
          },
          "sensitive_attributes": [],
          "private": "bnVsbA==",
          "dependencies": [
            "juju_model.ovb"
          ]
        }
      ]
    },
    {
      "module": "module.placement",
      "mode": "managed",
      "type": "juju_integration",
      "name": "placement_keystone",
      "provider": "provider[\"registry.terraform.io/juju/juju\"]",
      "instances": [
        {
          "schema_version": 0,
          "attributes": {
            "application": [
              {
                "endpoint": "identity-service",
                "name": "keystone",
                "offer_url": ""
              },
              {
                "endpoint": "identity-service",
                "name": "placement",
                "offer_url": ""
              }
            ],
            "id": "ovb:keystone:identity-service:placement:identity-service",
            "model": "ovb",
            "via": null
          },
          "sensitive_attributes": [],
          "private": "bnVsbA==",
          "dependencies": [
            "juju_application.mysql_innodb_cluster",
            "juju_machine.machines",
            "juju_model.ovb",
            "module.keystone.juju_application.keystone",
            "module.nova.juju_application.nova_cloud_controller",
            "module.nova.juju_application.nova_compute",
            "module.nova.juju_machine.nova_compute_machines",
            "module.nova.juju_machine.nova_controller_machines",
            "module.placement.juju_application.placement",
            "module.vault.juju_application.vault"
          ]
        }
      ]
    },
    {
      "module": "module.placement",
      "mode": "managed",
      "type": "juju_integration",
      "name": "placement_mysql_router_db_router",
      "provider": "provider[\"registry.terraform.io/juju/juju\"]",
      "instances": [
        {
          "schema_version": 0,
          "attributes": {
            "application": [
              {
                "endpoint": "db-router",
                "name": "mysql-innodb-cluster",
                "offer_url": ""
              },
              {
                "endpoint": "db-router",
                "name": "placement-mysql-router",
                "offer_url": ""
              }
            ],
            "id": "ovb:mysql-innodb-cluster:db-router:placement-mysql-router:db-router",
            "model": "ovb",
            "via": null
          },
          "sensitive_attributes": [],
          "private": "bnVsbA==",
          "dependencies": [
            "juju_application.mysql_innodb_cluster",
            "juju_machine.machines",
            "juju_model.ovb",
            "module.keystone.juju_application.keystone",
            "module.nova.juju_application.nova_cloud_controller",
            "module.nova.juju_application.nova_compute",
            "module.nova.juju_machine.nova_compute_machines",
            "module.nova.juju_machine.nova_controller_machines",
            "module.placement.juju_application.placement_mysql_router",
            "module.vault.juju_application.vault"
          ]
        }
      ]
    },
    {
      "module": "module.placement",
      "mode": "managed",
      "type": "juju_integration",
      "name": "placement_mysql_router_shared_db",
      "provider": "provider[\"registry.terraform.io/juju/juju\"]",
      "instances": [
        {
          "schema_version": 0,
          "attributes": {
            "application": [
              {
                "endpoint": "shared-db",
                "name": "placement",
                "offer_url": ""
              },
              {
                "endpoint": "shared-db",
                "name": "placement-mysql-router",
                "offer_url": ""
              }
            ],
            "id": "ovb:placement-mysql-router:shared-db:placement:shared-db",
            "model": "ovb",
            "via": null
          },
          "sensitive_attributes": [],
          "private": "bnVsbA==",
          "dependencies": [
            "juju_machine.machines",
            "juju_model.ovb",
            "module.placement.juju_application.placement",
            "module.placement.juju_application.placement_mysql_router"
          ]
        }
      ]
    },
    {
      "module": "module.placement",
      "mode": "managed",
      "type": "juju_integration",
      "name": "placement_nova_cloud_controller",
      "provider": "provider[\"registry.terraform.io/juju/juju\"]",
      "instances": [
        {
          "schema_version": 0,
          "attributes": {
            "application": [
              {
                "endpoint": "placement",
                "name": "nova-cloud-controller",
                "offer_url": ""
              },
              {
                "endpoint": "placement",
                "name": "placement",
                "offer_url": ""
              }
            ],
            "id": "ovb:placement:placement:nova-cloud-controller:placement",
            "model": "ovb",
            "via": null
          },
          "sensitive_attributes": [],
          "private": "bnVsbA==",
          "dependencies": [
            "juju_application.mysql_innodb_cluster",
            "juju_machine.machines",
            "juju_model.ovb",
            "module.keystone.juju_application.keystone",
            "module.nova.juju_application.nova_cloud_controller",
            "module.nova.juju_application.nova_compute",
            "module.nova.juju_machine.nova_compute_machines",
            "module.nova.juju_machine.nova_controller_machines",
            "module.placement.juju_application.placement",
            "module.vault.juju_application.vault"
          ]
        }
      ]
    }
  ],
  "check_results": null
}
